
Microsoft Visual Studio Solution File, Format Version 12.00
# Visual Studio Version 16
VisualStudioVersion = 16.0.29613.14
MinimumVisualStudioVersion = 10.0.40219.1
Project("{888888A0-9F3D-457C-B088-3A5042F75D52}") = "FamilyFeud", "FamilyFeud\FamilyFeud.pyproj", "{1419E392-D418-456C-9BD1-826DFFD41700}"
EndProject
Global
	GlobalSection(SolutionConfigurationPlatforms) = preSolution
		Debug|Any CPU = Debug|Any CPU
		Release|Any CPU = Release|Any CPU
	EndGlobalSection
	GlobalSection(ProjectConfigurationPlatforms) = postSolution
		{1419E392-D418-456C-9BD1-826DFFD41700}.Debug|Any CPU.ActiveCfg = Debug|Any CPU
		{1419E392-D418-456C-9BD1-826DFFD41700}.Debug|Any CPU.Build.0 = Debug|Any CPU
		{1419E392-D418-456C-9BD1-826DFFD41700}.Release|Any CPU.ActiveCfg = Release|Any CPU
		{1419E392-D418-456C-9BD1-826DFFD41700}.Release|Any CPU.Build.0 = Release|Any CPU
	EndGlobalSection
	GlobalSection(SolutionProperties) = preSolution
		HideSolutionNode = FALSE
	EndGlobalSection
	GlobalSection(ExtensibilityGlobals) = postSolution
		SolutionGuid = {FB909AA9-B380-4D13-BD32-91B3585AC083}
	EndGlobalSection
EndGlobal
